lockfileVersion: '9.0'

settings:
  autoInstallPeers: true
  excludeLinksFromLockfile: false

overrides:
  vite: npm:rolldown-vite@7.2.5

importers:

  .:
    dependencies:
      '@cormoran/zmk-studio-react-hook':
        specifier: github:cormoran/react-zmk-studio
        version: https://codeload.github.com/cormoran/react-zmk-studio/tar.gz/77652d6aca7b1a3d7d165d5fa659da7a89ec9034(react@19.2.3)
      '@radix-ui/react-dialog':
        specifier: ^1.1.15
        version: 1.1.15(@types/react-dom@19.2.3(@types/react@19.2.9))(@types/react@19.2.9)(react-dom@19.2.3(react@19.2.3))(react@19.2.3)
      '@radix-ui/react-switch':
        specifier: ^1.2.6
        version: 1.2.6(@types/react-dom@19.2.3(@types/react@19.2.9))(@types/react@19.2.9)(react-dom@19.2.3(react@19.2.3))(react@19.2.3)
      '@radix-ui/react-tabs':
        specifier: ^1.1.13
        version: 1.1.13(@types/react-dom@19.2.3(@types/react@19.2.9))(@types/react@19.2.9)(react-dom@19.2.3(react@19.2.3))(react@19.2.3)
      '@radix-ui/react-tooltip':
        specifier: ^1.2.8
        version: 1.2.8(@types/react-dom@19.2.3(@types/react@19.2.9))(@types/react@19.2.9)(react-dom@19.2.3(react@19.2.3))(react@19.2.3)
      '@tabler/icons-react':
        specifier: ^3.36.1
        version: 3.36.1(react@19.2.3)
      clsx:
        specifier: ^2.1.1
        version: 2.1.1
      framer-motion:
        specifier: ^12.29.0
        version: 12.29.0(react-dom@19.2.3(react@19.2.3))(react@19.2.3)
      react:
        specifier: ^19.2.0
        version: 19.2.3
      react-dom:
        specifier: ^19.2.0
        version: 19.2.3(react@19.2.3)
    devDependencies:
      '@eslint/js':
        specifier: ^9.39.1
        version: 9.39.2
      '@tailwindcss/postcss':
        specifier: ^4.1.18
        version: 4.1.18
      '@tailwindcss/vite':
        specifier: ^4.1.18
        version: 4.1.18(rolldown-vite@7.2.5(@types/node@24.10.9)(jiti@2.6.1))
      '@types/node':
        specifier: ^24.10.1
        version: 24.10.9
      '@types/react':
        specifier: ^19.2.5
        version: 19.2.9
      '@types/react-dom':
        specifier: ^19.2.3
        version: 19.2.3(@types/react@19.2.9)
      '@vitejs/plugin-react':
        specifier: ^5.1.1
        version: 5.1.2(rolldown-vite@7.2.5(@types/node@24.10.9)(jiti@2.6.1))
      autoprefixer:
        specifier: ^10.4.23
        version: 10.4.23(postcss@8.5.6)
      babel-plugin-react-compiler:
        specifier: ^1.0.0
        version: 1.0.0
      eslint:
        specifier: ^9.39.1
        version: 9.39.2(jiti@2.6.1)
      eslint-plugin-react-hooks:
        specifier: ^7.0.1
        version: 7.0.1(eslint@9.39.2(jiti@2.6.1))
      eslint-plugin-react-refresh:
        specifier: ^0.4.24
        version: 0.4.26(eslint@9.39.2(jiti@2.6.1))
      globals:
        specifier: ^16.5.0
        version: 16.5.0
      postcss:
        specifier: ^8.5.6
        version: 8.5.6
      run-script-os:
        specifier: ^1.1.6
        version: 1.1.6
      tailwindcss:
        specifier: ^4.1.18
        version: 4.1.18
      typescript:
        specifier: ~5.9.3
        version: 5.9.3
      typescript-eslint:
        specifier: ^8.46.4
        version: 8.53.1(eslint@9.39.2(jiti@2.6.1))(typescript@5.9.3)
      vite:
        specifier: npm:rolldown-vite@7.2.5
        version: rolldown-vite@7.2.5(@types/node@24.10.9)(jiti@2.6.1)
      vite-plugin-svgr:
        specifier: ^4.5.0
        version: 4.5.0(rolldown-vite@7.2.5(@types/node@24.10.9)(jiti@2.6.1))(typescript@5.9.3)
